
Microsoft Visual Studio Solution File, Format Version 11.00
# Visual Studio 2010
Project("{FAE04EC0-301F-11D3-BF4B-00C04F79EFBC}") = "Assembly-CSharp", "Assembly-CSharp.csproj", "{43f14ae1-d884-d013-48e0-e1e640275058}"
EndProject
Project("{FAE04EC0-301F-11D3-BF4B-00C04F79EFBC}") = "Assembly-CSharp-Editor", "Assembly-CSharp-Editor.csproj", "{e62660aa-a51e-2404-d1ec-0d085ae2c373}"
EndProject
Global
	GlobalSection(SolutionConfigurationPlatforms) = preSolution
		Debug|Any CPU = Debug|Any CPU
	EndGlobalSection
	GlobalSection(ProjectConfigurationPlatforms) = postSolution
		{43f14ae1-d884-d013-48e0-e1e640275058}.Debug|Any CPU.ActiveCfg = Debug|Any CPU
		{43f14ae1-d884-d013-48e0-e1e640275058}.Debug|Any CPU.Build.0 = Debug|Any CPU
		{e62660aa-a51e-2404-d1ec-0d085ae2c373}.Debug|Any CPU.ActiveCfg = Debug|Any CPU
		{e62660aa-a51e-2404-d1ec-0d085ae2c373}.Debug|Any CPU.Build.0 = Debug|Any CPU
	EndGlobalSection
	GlobalSection(SolutionProperties) = preSolution
		HideSolutionNode = FALSE
	EndGlobalSection
EndGlobal
